// !$*UTF8*$!
{
	archiveVersion = 1;
	classes = {
	};
	objectVersion = 46;
	objects = {

/* Begin PBXBuildFile section */
		98EDC8021BC5640E004C5277 /* StaticLibTest.h in CopyFiles */ = {isa = PBXBuildFile; fileRef = 98EDC8011BC5640E004C5277 /* StaticLibTest.h */; };
		98EDC8041BC5640E004C5277 /* StaticLibTest.m in Sources */ = {isa = PBXBuildFile; fileRef = 98EDC8031BC5640E004C5277 /* StaticLibTest.m */; };
/* End PBXBuildFile section */

/* Begin PBXCopyFilesBuildPhase section */
		98EDC7FC1BC5640E004C5277 /* CopyFiles */ = {
			isa = PBXCopyFilesBuildPhase;
			buildActionMask = 2147483647;
			dstPath = "include/$(PRODUCT_NAME)";
			dstSubfolderSpec = 16;
			files = (
				98EDC8021BC5640E004C5277 /* StaticLibTest.h in CopyFiles */,
			);
			runOnlyForDeploymentPostprocessing = 0;
		};
/* End PBXCopyFilesBuildPhase section */

/* Begin PBXFileReference section */
		98EDC7FE1BC5640E004C5277 /* libStaticLibTest.a */ = {isa = PBXFileReference; explicitFileType = archive.ar; includeInIndex = 0; path = libStaticLibTest.a; sourceTree = BUILT_PRODUCTS_DIR; };
		98EDC8011BC5640E004C5277 /* StaticLibTest.h */ = {isa = PBXFileReference; lastKnownFileType = sourcecode.c.h; path = StaticLibTest.h; sourceTree = "<group>"; };
		98EDC8031BC5640E004C5277 /* StaticLibTest.m */ = {isa = PBXFileReference; lastKnownFileType = sourcecode.c.objc; path = StaticLibTest.m; sourceTree = "<group>"; };
/* End PBXFileReference section */

/* Begin PBXFrameworksBuildPhase section */
		98EDC7FB1BC5640E004C5277 /* Frameworks */ = {
			isa = PBXFrameworksBuildPhase;
			buildActionMask = 2147483647;
			files = (
			);
			runOnlyForDeploymentPostprocessing = 0;
		};
/* End PBXFrameworksBuildPhase section */

/* Begin PBXGroup section */
		98EDC7F51BC5640E004C5277 = {
			isa = PBXGroup;
			children = (
				98EDC8001BC5640E004C5277 /* StaticLibTest */,
				98EDC7FF1BC5640E004C5277 /* Products */,
			);
			sourceTree = "<group>";
		};
		98EDC7FF1BC5640E004C5277 /* Products */ = {
			isa = PBXGroup;
			children = (
				98EDC7FE1BC5640E004C5277 /* libStaticLibTest.a */,
			);
			name = Products;
			sourceTree = "<group>";
		};
		98EDC8001BC5640E004C5277 /* StaticLibTest */ = {
			isa = PBXGroup;
			children = (
				98EDC8011BC5640E004C5277 /* StaticLibTest.h */,
				98EDC8031BC5640E004C5277 /* StaticLibTest.m */,
			);
			path = StaticLibTest;
			sourceTree = "<group>";
		};
/* End PBXGroup section */

/* Begin PBXNativeTarget section */
		98EDC7FD1BC5640E004C5277 /* StaticLibTest */ = {
			isa = PBXNativeTarget;
			buildConfigurationList = 98EDC8071BC5640E004C5277 /* Build configuration list for PBXNativeTarget "StaticLibTest" */;
			buildPhases = (
				98EDC7FA1BC5640E004C5277 /* Sources */,
				98EDC7FB1BC5640E004C5277 /* Frameworks */,
				98EDC7FC1BC5640E004C5277 /* CopyFiles */,
			);
			buildRules = (
			);
			dependencies = (
			);
			name = StaticLibTest;
			productName = StaticLibTest;
			productReference = 98EDC7FE1BC5640E004C5277 /* libStaticLibTest.a */;
			productType = "com.apple.product-type.library.static";
		};
/* End PBXNativeTarget section */

/* Begin PBXProject section */
		98EDC7F61BC5640E004C5277 /* Project object */ = {
			isa = PBXProject;
			attributes = {
				LastUpgradeCheck = 0700;
				ORGANIZATIONNAME = QuanGe;
				TargetAttributes = {
					98EDC7FD1BC5640E004C5277 = {
						CreatedOnToolsVersion = 7.0;
					};
				};
			};
			buildConfigurationList = 98EDC7F91BC5640E004C5277 /* Build configuration list for PBXProject "StaticLibTest" */;
			compatibilityVersion = "Xcode 3.2";
			developmentRegion = English;
			hasScannedForEncodings = 0;
			knownRegions = (
				en,
			);
			mainGroup = 98EDC7F51BC5640E004C5277;
			productRefGroup = 98EDC7FF1BC5640E004C5277 /* Products */;
			projectDirPath = "";
			projectRoot = "";
			targets = (
				98EDC7FD1BC5640E004C5277 /* StaticLibTest */,
			);
		};
/* End PBXProject section */

/* Begin PBXSourcesBuildPhase section */
		98EDC7FA1BC5640E004C5277 /* Sources */ = {
			isa = PBXSourcesBuildPhase;
			buildActionMask = 2147483647;
			files = (
				98EDC8041BC5640E004C5277 /* StaticLibTest.m in Sources */,
			);
			runOnlyForDeploymentPostprocessing = 0;
		};
/* End PBXSourcesBuildPhase section */

/* Begin XCBuildConfiguration section */
		98EDC8051BC5640E004C5277 /* Debug */ = {
			isa = XCBuildConfiguration;
			buildSettings = {
				ALWAYS_SEARCH_USER_PATHS = NO;
				CLANG_CXX_LANGUAGE_STANDARD = "gnu++0x";
				CLANG_CXX_LIBRARY = "libc++";
				CLANG_ENABLE_MODULES = YES;
				CLANG_ENABLE_OBJC_ARC = YES;
				CLANG_WARN_BOOL_CONVERSION = YES;
				CLANG_WARN_CONSTANT_CONVERSION = YES;
				CLANG_WARN_DIRECT_OBJC_ISA_USAGE = YES_ERROR;
				CLANG_WARN_EMPTY_BODY = YES;
				CLANG_WARN_ENUM_CONVERSION = YES;
				CLANG_WARN_INT_CONVERSION = YES;
				CLANG_WARN_OBJC_ROOT_CLASS = YES_ERROR;
				CLANG_WARN_UNREACHABLE_CODE = YES;
				CLANG_WARN__DUPLICATE_METHOD_MATCH = YES;
				COPY_PHASE_STRIP = NO;
				DEBUG_INFORMATION_FORMAT = dwarf;
				ENABLE_STRICT_OBJC_MSGSEND = YES;
				ENABLE_TESTABILITY = YES;
				GCC_C_LANGUAGE_STANDARD = gnu99;
				GCC_DYNAMIC_NO_PIC = NO;
				GCC_NO_COMMON_BLOCKS = YES;
				GCC_OPTIMIZATION_LEVEL = 0;
				GCC_PREPROCESSOR_DEFINITIONS = (
					"DEBUG=1",
					"$(inherited)",
				);
				GCC_WARN_64_TO_32_BIT_CONVERSION = YES;
				GCC_WARN_ABOUT_RETURN_TYPE = YES_ERROR;
				GCC_WARN_UNDECLARED_SELECTOR = YES;
				GCC_WARN_UNINITIALIZED_AUTOS = YES_AGGRESSIVE;
				GCC_WARN_UNUSED_FUNCTION = YES;
				GCC_WARN_UNUSED_VARIABLE = YES;
				IPHONEOS_DEPLOYMENT_TARGET = 9.0;
				MTL_ENABLE_DEBUG_INFO = YES;
				ONLY_ACTIVE_ARCH = YES;
				SDKROOT = iphoneos;
			};
			name = Debug;
		};
		98EDC8061BC5640E004C5277 /* Release */ = {
			isa = XCBuildConfiguration;
			buildSettings = {
				ALWAYS_SEARCH_USER_PATHS = NO;
				CLANG_CXX_LANGUAGE_STANDARD = "gnu++0x";
				CLANG_CXX_LIBRARY = "libc++";
				CLANG_ENABLE_MODULES = YES;
				CLANG_ENABLE_OBJC_ARC = YES;
				CLANG_WARN_BOOL_CONVERSION = YES;
				CLANG_WARN_CONSTANT_CONVERSION = YES;
				CLANG_WARN_DIRECT_OBJC_ISA_USAGE = YES_ERROR;
				CLANG_WARN_EMPTY_BODY = YES;
				CLANG_WARN_ENUM_CONVERSION = YES;
				CLANG_WARN_INT_CONVERSION = YES;
				CLANG_WARN_OBJC_ROOT_CLASS = YES_ERROR;
				CLANG_WARN_UNREACHABLE_CODE = YES;
				CLANG_WARN__DUPLICATE_METHOD_MATCH = YES;
				COPY_PHASE_STRIP = NO;
				DEBUG_INFORMATION_FORMAT = "dwarf-with-dsym";
				ENABLE_NS_ASSERTIONS = NO;
				ENABLE_STRICT_OBJC_MSGSEND = YES;
				GCC_C_LANGUAGE_STANDARD = gnu99;
				GCC_NO_COMMON_BLOCKS = YES;
				GCC_WARN_64_TO_32_BIT_CONVERSION = YES;
				GCC_WARN_ABOUT_RETURN_TYPE = YES_ERROR;
				GCC_WARN_UNDECLARED_SELECTOR = YES;
				GCC_WARN_UNINITIALIZED_AUTOS = YES_AGGRESSIVE;
				GCC_WARN_UNUSED_FUNCTION = YES;
				GCC_WARN_UNUSED_VARIABLE = YES;
				IPHONEOS_DEPLOYMENT_TARGET = 9.0;
				MTL_ENABLE_DEBUG_INFO = NO;
				SDKROOT = iphoneos;
				VALIDATE_PRODUCT = YES;
			};
			name = Release;
		};
		98EDC8081BC5640E004C5277 /* Debug */ = {
			isa = XCBuildConfiguration;
			buildSettings = {
				OTHER_LDFLAGS = "-ObjC";
				PRODUCT_NAME = "$(TARGET_NAME)";
				SKIP_INSTALL = YES;
			};
			name = Debug;
		};
		98EDC8091BC5640E004C5277 /* Release */ = {
			isa = XCBuildConfiguration;
			buildSettings = {
				OTHER_LDFLAGS = "-ObjC";
				PRODUCT_NAME = "$(TARGET_NAME)";
				SKIP_INSTALL = YES;
			};
			name = Release;
		};
/* End XCBuildConfiguration section */

/* Begin XCConfigurationList section */
		98EDC7F91BC5640E004C5277 /* Build configuration list for PBXProject "StaticLibTest" */ = {
			isa = XCConfigurationList;
			buildConfigurations = (
				98EDC8051BC5640E004C5277 /* Debug */,
				98EDC8061BC5640E004C5277 /* Release */,
			);
			defaultConfigurationIsVisible = 0;
			defaultConfigurationName = Release;
		};
		98EDC8071BC5640E004C5277 /* Build configuration list for PBXNativeTarget "StaticLibTest" */ = {
			isa = XCConfigurationList;
			buildConfigurations = (
				98EDC8081BC5640E004C5277 /* Debug */,
				98EDC8091BC5640E004C5277 /* Release */,
			);
			defaultConfigurationIsVisible = 0;
		};
/* End XCConfigurationList section */
	};
	rootObject = 98EDC7F61BC5640E004C5277 /* Project object */;
}
