// !$*UTF8*$!
{
	archiveVersion = 1;
	classes = {
	};
	objectVersion = 46;
	objects = {

/* Begin PBXBuildFile section */
		9817B5B81BD72FC600EEB68F /* libxml2.tbd in Frameworks */ = {isa = PBXBuildFile; fileRef = 9817B5B71BD72FC600EEB68F /* libxml2.tbd */; };
		9877FCF41BD53669008995FC /* libsqlite3.tbd in Frameworks */ = {isa = PBXBuildFile; fileRef = 9877FCF31BD53669008995FC /* libsqlite3.tbd */; };
		988ADCA41BD734FA00CE9212 /* tinyxml2.cpp in Sources */ = {isa = PBXBuildFile; fileRef = 988ADCA21BD734FA00CE9212 /* tinyxml2.cpp */; settings = {ASSET_TAGS = (); }; };
		988ADCA61BD7362A00CE9212 /* CoreText.framework in Frameworks */ = {isa = PBXBuildFile; fileRef = 988ADCA51BD7362A00CE9212 /* CoreText.framework */; };
		988ADCA81BD7363200CE9212 /* UIKit.framework in Frameworks */ = {isa = PBXBuildFile; fileRef = 988ADCA71BD7363200CE9212 /* UIKit.framework */; };
		988ADCAA1BD7364100CE9212 /* Foundation.framework in Frameworks */ = {isa = PBXBuildFile; fileRef = 988ADCA91BD7364100CE9212 /* Foundation.framework */; };
		988ADCAC1BD7364900CE9212 /* CoreGraphics.framework in Frameworks */ = {isa = PBXBuildFile; fileRef = 988ADCAB1BD7364900CE9212 /* CoreGraphics.framework */; };
		988ADCC51BD77F7200CE9212 /* PMIssueModel.m in Sources */ = {isa = PBXBuildFile; fileRef = 988ADCC41BD77F7200CE9212 /* PMIssueModel.m */; settings = {ASSET_TAGS = (); }; };
		989396D01BD88DD00063321B /* PMHomeBaseViewController.m in Sources */ = {isa = PBXBuildFile; fileRef = 989396CF1BD88DD00063321B /* PMHomeBaseViewController.m */; settings = {ASSET_TAGS = (); }; };
		989396D31BD8C7280063321B /* PMBookCollectionViewCell.m in Sources */ = {isa = PBXBuildFile; fileRef = 989396D21BD8C7280063321B /* PMBookCollectionViewCell.m */; settings = {ASSET_TAGS = (); }; };
		989396D71BD8D5E00063321B /* PMBookViewModel.m in Sources */ = {isa = PBXBuildFile; fileRef = 989396D61BD8D5E00063321B /* PMBookViewModel.m */; settings = {ASSET_TAGS = (); }; };
		989396DB1BD936140063321B /* RFQuiltLayout.m in Sources */ = {isa = PBXBuildFile; fileRef = 989396DA1BD936140063321B /* RFQuiltLayout.m */; settings = {ASSET_TAGS = (); }; };
		989396DF1BDA00DA0063321B /* UIViewController+MBProgressHUD.m in Sources */ = {isa = PBXBuildFile; fileRef = 989396DE1BDA00DA0063321B /* UIViewController+MBProgressHUD.m */; settings = {ASSET_TAGS = (); }; };
		989396E21BDA06720063321B /* InfoPlist.strings in Resources */ = {isa = PBXBuildFile; fileRef = 989396E41BDA06720063321B /* InfoPlist.strings */; };
		98949CC91BD5CCCD00F6AA87 /* ViewController.m in Sources */ = {isa = PBXBuildFile; fileRef = 98949CC81BD5CCCD00F6AA87 /* ViewController.m */; settings = {ASSET_TAGS = (); }; };
		98949CD41BD5CCEB00F6AA87 /* PMAppDelegate.m in Sources */ = {isa = PBXBuildFile; fileRef = 98949CCC1BD5CCEB00F6AA87 /* PMAppDelegate.m */; settings = {ASSET_TAGS = (); }; };
		98949CD51BD5CCEB00F6AA87 /* Assets.xcassets in Resources */ = {isa = PBXBuildFile; fileRef = 98949CCD1BD5CCEB00F6AA87 /* Assets.xcassets */; settings = {ASSET_TAGS = (); }; };
		98949CD61BD5CCEB00F6AA87 /* LaunchScreen.storyboard in Resources */ = {isa = PBXBuildFile; fileRef = 98949CCE1BD5CCEB00F6AA87 /* LaunchScreen.storyboard */; settings = {ASSET_TAGS = (); }; };
		98949CD71BD5CCEB00F6AA87 /* Main.storyboard in Resources */ = {isa = PBXBuildFile; fileRef = 98949CD01BD5CCEB00F6AA87 /* Main.storyboard */; settings = {ASSET_TAGS = (); }; };
		98949CD91BD5CCEB00F6AA87 /* main.m in Sources */ = {isa = PBXBuildFile; fileRef = 98949CD31BD5CCEB00F6AA87 /* main.m */; settings = {ASSET_TAGS = (); }; };
		98949CE11BD5E08A00F6AA87 /* PMDBManager.m in Sources */ = {isa = PBXBuildFile; fileRef = 98949CE01BD5E08A00F6AA87 /* PMDBManager.m */; settings = {ASSET_TAGS = (); }; };
		98949CE31BD5E11100F6AA87 /* Info.plist in Resources */ = {isa = PBXBuildFile; fileRef = 98949CE21BD5E11100F6AA87 /* Info.plist */; settings = {ASSET_TAGS = (); }; };
		98949CE61BD6474A00F6AA87 /* PMAPIManager.mm in Sources */ = {isa = PBXBuildFile; fileRef = 98949CE51BD6474A00F6AA87 /* PMAPIManager.mm */; settings = {ASSET_TAGS = (); }; };
		98D4EF691BE368A000216966 /* PMImageCollectionFlowLayout.m in Sources */ = {isa = PBXBuildFile; fileRef = 98D4EF681BE368A000216966 /* PMImageCollectionFlowLayout.m */; settings = {ASSET_TAGS = (); }; };
		98DAEBEE1BD871E400359D2D /* PMBookStoreViewController.m in Sources */ = {isa = PBXBuildFile; fileRef = 98DAEBED1BD871E400359D2D /* PMBookStoreViewController.m */; settings = {ASSET_TAGS = (); }; };
		98DAEBF11BD8720E00359D2D /* PMMyBookViewController.m in Sources */ = {isa = PBXBuildFile; fileRef = 98DAEBF01BD8720E00359D2D /* PMMyBookViewController.m */; settings = {ASSET_TAGS = (); }; };
		98DAEBF41BD874A500359D2D /* PMBookInfoViewController.m in Sources */ = {isa = PBXBuildFile; fileRef = 98DAEBF31BD874A500359D2D /* PMBookInfoViewController.m */; settings = {ASSET_TAGS = (); }; };
		98DAEBF71BD874CA00359D2D /* PMBookDetailViewController.m in Sources */ = {isa = PBXBuildFile; fileRef = 98DAEBF61BD874CA00359D2D /* PMBookDetailViewController.m */; settings = {ASSET_TAGS = (); }; };
		AA53AA47FAA1EAC8A4F6B1AA /* libPods.a in Frameworks */ = {isa = PBXBuildFile; fileRef = E6F408571131F82B3FCB0FBE /* libPods.a */; };
/* End PBXBuildFile section */

/* Begin PBXFileReference section */
		0B9B08EAEB0D25892467DB7F /* Pods.debug.xcconfig */ = {isa = PBXFileReference; includeInIndex = 1; lastKnownFileType = text.xcconfig; name = Pods.debug.xcconfig; path = "Pods/Target Support Files/Pods/Pods.debug.xcconfig"; sourceTree = "<group>"; };
		9817B5B41BD7204E00EEB68F /* AppConfig.h */ = {isa = PBXFileReference; fileEncoding = 4; lastKnownFileType = sourcecode.c.h; path = AppConfig.h; sourceTree = "<group>"; };
		9817B5B51BD7204E00EEB68F /* MacroDefine.h */ = {isa = PBXFileReference; fileEncoding = 4; lastKnownFileType = sourcecode.c.h; path = MacroDefine.h; sourceTree = "<group>"; };
		9817B5B61BD7204E00EEB68F /* PrefixHeader.pch */ = {isa = PBXFileReference; fileEncoding = 4; lastKnownFileType = sourcecode.c.h; path = PrefixHeader.pch; sourceTree = "<group>"; };
		9817B5B71BD72FC600EEB68F /* libxml2.tbd */ = {isa = PBXFileReference; lastKnownFileType = "sourcecode.text-based-dylib-definition"; name = libxml2.tbd; path = usr/lib/libxml2.tbd; sourceTree = SDKROOT; };
		985D4C081BD4F11C00B50D81 /* programmermag.app */ = {isa = PBXFileReference; explicitFileType = wrapper.application; includeInIndex = 0; path = programmermag.app; sourceTree = BUILT_PRODUCTS_DIR; };
		9877FCF31BD53669008995FC /* libsqlite3.tbd */ = {isa = PBXFileReference; lastKnownFileType = "sourcecode.text-based-dylib-definition"; name = libsqlite3.tbd; path = usr/lib/libsqlite3.tbd; sourceTree = SDKROOT; };
		988ADCA21BD734FA00CE9212 /* tinyxml2.cpp */ = {isa = PBXFileReference; fileEncoding = 4; lastKnownFileType = sourcecode.cpp.cpp; path = tinyxml2.cpp; sourceTree = "<group>"; };
		988ADCA31BD734FA00CE9212 /* tinyxml2.h */ = {isa = PBXFileReference; fileEncoding = 4; lastKnownFileType = sourcecode.c.h; path = tinyxml2.h; sourceTree = "<group>"; };
		988ADCA51BD7362A00CE9212 /* CoreText.framework */ = {isa = PBXFileReference; lastKnownFileType = wrapper.framework; name = CoreText.framework; path = System/Library/Frameworks/CoreText.framework; sourceTree = SDKROOT; };
		988ADCA71BD7363200CE9212 /* UIKit.framework */ = {isa = PBXFileReference; lastKnownFileType = wrapper.framework; name = UIKit.framework; path = System/Library/Frameworks/UIKit.framework; sourceTree = SDKROOT; };
		988ADCA91BD7364100CE9212 /* Foundation.framework */ = {isa = PBXFileReference; lastKnownFileType = wrapper.framework; name = Foundation.framework; path = System/Library/Frameworks/Foundation.framework; sourceTree = SDKROOT; };
		988ADCAB1BD7364900CE9212 /* CoreGraphics.framework */ = {isa = PBXFileReference; lastKnownFileType = wrapper.framework; name = CoreGraphics.framework; path = System/Library/Frameworks/CoreGraphics.framework; sourceTree = SDKROOT; };
		988ADCC31BD77F7200CE9212 /* PMIssueModel.h */ = {isa = PBXFileReference; fileEncoding = 4; lastKnownFileType = sourcecode.c.h; path = PMIssueModel.h; sourceTree = "<group>"; };
		988ADCC41BD77F7200CE9212 /* PMIssueModel.m */ = {isa = PBXFileReference; fileEncoding = 4; lastKnownFileType = sourcecode.c.objc; path = PMIssueModel.m; sourceTree = "<group>"; };
		989396CE1BD88DD00063321B /* PMHomeBaseViewController.h */ = {isa = PBXFileReference; fileEncoding = 4; lastKnownFileType = sourcecode.c.h; path = PMHomeBaseViewController.h; sourceTree = "<group>"; };
		989396CF1BD88DD00063321B /* PMHomeBaseViewController.m */ = {isa = PBXFileReference; fileEncoding = 4; lastKnownFileType = sourcecode.c.objc; path = PMHomeBaseViewController.m; sourceTree = "<group>"; };
		989396D11BD8C7280063321B /* PMBookCollectionViewCell.h */ = {isa = PBXFileReference; fileEncoding = 4; lastKnownFileType = sourcecode.c.h; path = PMBookCollectionViewCell.h; sourceTree = "<group>"; };
		989396D21BD8C7280063321B /* PMBookCollectionViewCell.m */ = {isa = PBXFileReference; fileEncoding = 4; lastKnownFileType = sourcecode.c.objc; path = PMBookCollectionViewCell.m; sourceTree = "<group>"; };
		989396D51BD8D5E00063321B /* PMBookViewModel.h */ = {isa = PBXFileReference; fileEncoding = 4; lastKnownFileType = sourcecode.c.h; path = PMBookViewModel.h; sourceTree = "<group>"; };
		989396D61BD8D5E00063321B /* PMBookViewModel.m */ = {isa = PBXFileReference; fileEncoding = 4; lastKnownFileType = sourcecode.c.objc; path = PMBookViewModel.m; sourceTree = "<group>"; };
		989396D91BD936140063321B /* RFQuiltLayout.h */ = {isa = PBXFileReference; fileEncoding = 4; lastKnownFileType = sourcecode.c.h; path = RFQuiltLayout.h; sourceTree = "<group>"; };
		989396DA1BD936140063321B /* RFQuiltLayout.m */ = {isa = PBXFileReference; fileEncoding = 4; lastKnownFileType = sourcecode.c.objc; path = RFQuiltLayout.m; sourceTree = "<group>"; };
		989396DD1BDA00DA0063321B /* UIViewController+MBProgressHUD.h */ = {isa = PBXFileReference; fileEncoding = 4; lastKnownFileType = sourcecode.c.h; path = "UIViewController+MBProgressHUD.h"; sourceTree = "<group>"; };
		989396DE1BDA00DA0063321B /* UIViewController+MBProgressHUD.m */ = {isa = PBXFileReference; fileEncoding = 4; lastKnownFileType = sourcecode.c.objc; path = "UIViewController+MBProgressHUD.m"; sourceTree = "<group>"; };
		989396E31BDA06720063321B /* en */ = {isa = PBXFileReference; lastKnownFileType = text.plist.strings; name = en; path = en.lproj/InfoPlist.strings; sourceTree = "<group>"; };
		989396E51BDA071C0063321B /* zh-Hant */ = {isa = PBXFileReference; lastKnownFileType = text.plist.strings; name = "zh-Hant"; path = "zh-Hant.lproj/InfoPlist.strings"; sourceTree = "<group>"; };
		98949CC71BD5CCCD00F6AA87 /* ViewController.h */ = {isa = PBXFileReference; fileEncoding = 4; lastKnownFileType = sourcecode.c.h; path = ViewController.h; sourceTree = "<group>"; };
		98949CC81BD5CCCD00F6AA87 /* ViewController.m */ = {isa = PBXFileReference; fileEncoding = 4; lastKnownFileType = sourcecode.c.objc; path = ViewController.m; sourceTree = "<group>"; };
		98949CCB1BD5CCEB00F6AA87 /* PMAppDelegate.h */ = {isa = PBXFileReference; fileEncoding = 4; lastKnownFileType = sourcecode.c.h; path = PMAppDelegate.h; sourceTree = "<group>"; };
		98949CCC1BD5CCEB00F6AA87 /* PMAppDelegate.m */ = {isa = PBXFileReference; fileEncoding = 4; lastKnownFileType = sourcecode.c.objc; path = PMAppDelegate.m; sourceTree = "<group>"; };
		98949CCD1BD5CCEB00F6AA87 /* Assets.xcassets */ = {isa = PBXFileReference; lastKnownFileType = folder.assetcatalog; path = Assets.xcassets; sourceTree = "<group>"; };
		98949CCF1BD5CCEB00F6AA87 /* Base */ = {isa = PBXFileReference; lastKnownFileType = file.storyboard; name = Base; path = Base.lproj/LaunchScreen.storyboard; sourceTree = "<group>"; };
		98949CD11BD5CCEB00F6AA87 /* Base */ = {isa = PBXFileReference; lastKnownFileType = file.storyboard; name = Base; path = Base.lproj/Main.storyboard; sourceTree = "<group>"; };
		98949CD31BD5CCEB00F6AA87 /* main.m */ = {isa = PBXFileReference; fileEncoding = 4; lastKnownFileType = sourcecode.c.objc; path = main.m; sourceTree = "<group>"; };
		98949CDF1BD5E08A00F6AA87 /* PMDBManager.h */ = {isa = PBXFileReference; fileEncoding = 4; lastKnownFileType = sourcecode.c.h; path = PMDBManager.h; sourceTree = "<group>"; };
		98949CE01BD5E08A00F6AA87 /* PMDBManager.m */ = {isa = PBXFileReference; fileEncoding = 4; lastKnownFileType = sourcecode.c.objc; path = PMDBManager.m; sourceTree = "<group>"; };
		98949CE21BD5E11100F6AA87 /* Info.plist */ = {isa = PBXFileReference; fileEncoding = 4; lastKnownFileType = text.plist.xml; path = Info.plist; sourceTree = "<group>"; };
		98949CE41BD6474A00F6AA87 /* PMAPIManager.h */ = {isa = PBXFileReference; fileEncoding = 4; lastKnownFileType = sourcecode.c.h; path = PMAPIManager.h; sourceTree = "<group>"; };
		98949CE51BD6474A00F6AA87 /* PMAPIManager.mm */ = {isa = PBXFileReference; fileEncoding = 4; lastKnownFileType = sourcecode.cpp.objcpp; path = PMAPIManager.mm; sourceTree = "<group>"; };
		98D4EF671BE368A000216966 /* PMImageCollectionFlowLayout.h */ = {isa = PBXFileReference; fileEncoding = 4; lastKnownFileType = sourcecode.c.h; path = PMImageCollectionFlowLayout.h; sourceTree = "<group>"; };
		98D4EF681BE368A000216966 /* PMImageCollectionFlowLayout.m */ = {isa = PBXFileReference; fileEncoding = 4; lastKnownFileType = sourcecode.c.objc; path = PMImageCollectionFlowLayout.m; sourceTree = "<group>"; };
		98DAEBEC1BD871E400359D2D /* PMBookStoreViewController.h */ = {isa = PBXFileReference; fileEncoding = 4; lastKnownFileType = sourcecode.c.h; path = PMBookStoreViewController.h; sourceTree = "<group>"; };
		98DAEBED1BD871E400359D2D /* PMBookStoreViewController.m */ = {isa = PBXFileReference; fileEncoding = 4; lastKnownFileType = sourcecode.c.objc; path = PMBookStoreViewController.m; sourceTree = "<group>"; };
		98DAEBEF1BD8720E00359D2D /* PMMyBookViewController.h */ = {isa = PBXFileReference; fileEncoding = 4; lastKnownFileType = sourcecode.c.h; path = PMMyBookViewController.h; sourceTree = "<group>"; };
		98DAEBF01BD8720E00359D2D /* PMMyBookViewController.m */ = {isa = PBXFileReference; fileEncoding = 4; lastKnownFileType = sourcecode.c.objc; path = PMMyBookViewController.m; sourceTree = "<group>"; };
		98DAEBF21BD874A500359D2D /* PMBookInfoViewController.h */ = {isa = PBXFileReference; fileEncoding = 4; lastKnownFileType = sourcecode.c.h; path = PMBookInfoViewController.h; sourceTree = "<group>"; };
		98DAEBF31BD874A500359D2D /* PMBookInfoViewController.m */ = {isa = PBXFileReference; fileEncoding = 4; lastKnownFileType = sourcecode.c.objc; path = PMBookInfoViewController.m; sourceTree = "<group>"; };
		98DAEBF51BD874CA00359D2D /* PMBookDetailViewController.h */ = {isa = PBXFileReference; fileEncoding = 4; lastKnownFileType = sourcecode.c.h; path = PMBookDetailViewController.h; sourceTree = "<group>"; };
		98DAEBF61BD874CA00359D2D /* PMBookDetailViewController.m */ = {isa = PBXFileReference; fileEncoding = 4; lastKnownFileType = sourcecode.c.objc; path = PMBookDetailViewController.m; sourceTree = "<group>"; };
		E6F408571131F82B3FCB0FBE /* libPods.a */ = {isa = PBXFileReference; explicitFileType = archive.ar; includeInIndex = 0; path = libPods.a; sourceTree = BUILT_PRODUCTS_DIR; };
		EAC41D9C9E200CE53B0788D3 /* Pods.release.xcconfig */ = {isa = PBXFileReference; includeInIndex = 1; lastKnownFileType = text.xcconfig; name = Pods.release.xcconfig; path = "Pods/Target Support Files/Pods/Pods.release.xcconfig"; sourceTree = "<group>"; };
/* End PBXFileReference section */

/* Begin PBXFrameworksBuildPhase section */
		985D4C051BD4F11C00B50D81 /* Frameworks */ = {
			isa = PBXFrameworksBuildPhase;
			buildActionMask = 2147483647;
			files = (
				988ADCAC1BD7364900CE9212 /* CoreGraphics.framework in Frameworks */,
				988ADCAA1BD7364100CE9212 /* Foundation.framework in Frameworks */,
				988ADCA81BD7363200CE9212 /* UIKit.framework in Frameworks */,
				988ADCA61BD7362A00CE9212 /* CoreText.framework in Frameworks */,
				9817B5B81BD72FC600EEB68F /* libxml2.tbd in Frameworks */,
				9877FCF41BD53669008995FC /* libsqlite3.tbd in Frameworks */,
				AA53AA47FAA1EAC8A4F6B1AA /* libPods.a in Frameworks */,
			);
			runOnlyForDeploymentPostprocessing = 0;
		};
/* End PBXFrameworksBuildPhase section */

/* Begin PBXGroup section */
		2049387820C29415DCCABB01 /* Frameworks */ = {
			isa = PBXGroup;
			children = (
				988ADCAB1BD7364900CE9212 /* CoreGraphics.framework */,
				988ADCA91BD7364100CE9212 /* Foundation.framework */,
				988ADCA71BD7363200CE9212 /* UIKit.framework */,
				988ADCA51BD7362A00CE9212 /* CoreText.framework */,
				9817B5B71BD72FC600EEB68F /* libxml2.tbd */,
				9877FCF31BD53669008995FC /* libsqlite3.tbd */,
				E6F408571131F82B3FCB0FBE /* libPods.a */,
			);
			name = Frameworks;
			sourceTree = "<group>";
		};
		75C33CBCED8DE3D135B2CF7A /* Pods */ = {
			isa = PBXGroup;
			children = (
				0B9B08EAEB0D25892467DB7F /* Pods.debug.xcconfig */,
				EAC41D9C9E200CE53B0788D3 /* Pods.release.xcconfig */,
			);
			name = Pods;
			sourceTree = "<group>";
		};
		985D4BFF1BD4F11C00B50D81 = {
			isa = PBXGroup;
			children = (
				988ADC9D1BD7334800CE9212 /* Lib */,
				985D4C0A1BD4F11C00B50D81 /* programmermag */,
				985D4C091BD4F11C00B50D81 /* Products */,
				75C33CBCED8DE3D135B2CF7A /* Pods */,
				2049387820C29415DCCABB01 /* Frameworks */,
			);
			sourceTree = "<group>";
		};
		985D4C091BD4F11C00B50D81 /* Products */ = {
			isa = PBXGroup;
			children = (
				985D4C081BD4F11C00B50D81 /* programmermag.app */,
			);
			name = Products;
			sourceTree = "<group>";
		};
		985D4C0A1BD4F11C00B50D81 /* programmermag */ = {
			isa = PBXGroup;
			children = (
				98949CDE1BD5CD2100F6AA87 /* Model */,
				98949CDA1BD5CD1200F6AA87 /* ViewModel */,
				98949CCA1BD5CCEB00F6AA87 /* Config */,
				98949CC41BD5CCCD00F6AA87 /* View */,
			);
			path = programmermag;
			sourceTree = "<group>";
		};
		988ADC9D1BD7334800CE9212 /* Lib */ = {
			isa = PBXGroup;
			children = (
				989396DC1BDA00DA0063321B /* Category */,
				989396D81BD936140063321B /* RFQuiltLayout */,
				988ADC9E1BD7334800CE9212 /* Tinyxml */,
			);
			path = Lib;
			sourceTree = "<group>";
		};
		988ADC9E1BD7334800CE9212 /* Tinyxml */ = {
			isa = PBXGroup;
			children = (
				988ADCA21BD734FA00CE9212 /* tinyxml2.cpp */,
				988ADCA31BD734FA00CE9212 /* tinyxml2.h */,
			);
			path = Tinyxml;
			sourceTree = "<group>";
		};
		989396D81BD936140063321B /* RFQuiltLayout */ = {
			isa = PBXGroup;
			children = (
				989396D91BD936140063321B /* RFQuiltLayout.h */,
				989396DA1BD936140063321B /* RFQuiltLayout.m */,
			);
			path = RFQuiltLayout;
			sourceTree = "<group>";
		};
		989396DC1BDA00DA0063321B /* Category */ = {
			isa = PBXGroup;
			children = (
				989396DD1BDA00DA0063321B /* UIViewController+MBProgressHUD.h */,
				989396DE1BDA00DA0063321B /* UIViewController+MBProgressHUD.m */,
			);
			path = Category;
			sourceTree = "<group>";
		};
		98949CC41BD5CCCD00F6AA87 /* View */ = {
			isa = PBXGroup;
			children = (
				98949CC51BD5CCCD00F6AA87 /* View */,
				98949CC61BD5CCCD00F6AA87 /* ViewController */,
			);
			path = View;
			sourceTree = "<group>";
		};
		98949CC51BD5CCCD00F6AA87 /* View */ = {
			isa = PBXGroup;
			children = (
				989396D11BD8C7280063321B /* PMBookCollectionViewCell.h */,
				989396D21BD8C7280063321B /* PMBookCollectionViewCell.m */,
				98D4EF671BE368A000216966 /* PMImageCollectionFlowLayout.h */,
				98D4EF681BE368A000216966 /* PMImageCollectionFlowLayout.m */,
			);
			path = View;
			sourceTree = "<group>";
		};
		98949CC61BD5CCCD00F6AA87 /* ViewController */ = {
			isa = PBXGroup;
			children = (
				98949CC71BD5CCCD00F6AA87 /* ViewController.h */,
				98949CC81BD5CCCD00F6AA87 /* ViewController.m */,
				98DAEBEC1BD871E400359D2D /* PMBookStoreViewController.h */,
				98DAEBED1BD871E400359D2D /* PMBookStoreViewController.m */,
				98DAEBEF1BD8720E00359D2D /* PMMyBookViewController.h */,
				98DAEBF01BD8720E00359D2D /* PMMyBookViewController.m */,
				98DAEBF21BD874A500359D2D /* PMBookInfoViewController.h */,
				98DAEBF31BD874A500359D2D /* PMBookInfoViewController.m */,
				98DAEBF51BD874CA00359D2D /* PMBookDetailViewController.h */,
				98DAEBF61BD874CA00359D2D /* PMBookDetailViewController.m */,
				989396CE1BD88DD00063321B /* PMHomeBaseViewController.h */,
				989396CF1BD88DD00063321B /* PMHomeBaseViewController.m */,
			);
			path = ViewController;
			sourceTree = "<group>";
		};
		98949CCA1BD5CCEB00F6AA87 /* Config */ = {
			isa = PBXGroup;
			children = (
				9817B5B41BD7204E00EEB68F /* AppConfig.h */,
				9817B5B51BD7204E00EEB68F /* MacroDefine.h */,
				9817B5B61BD7204E00EEB68F /* PrefixHeader.pch */,
				989396E41BDA06720063321B /* InfoPlist.strings */,
				98949CE21BD5E11100F6AA87 /* Info.plist */,
				98949CCB1BD5CCEB00F6AA87 /* PMAppDelegate.h */,
				98949CCC1BD5CCEB00F6AA87 /* PMAppDelegate.m */,
				98949CCD1BD5CCEB00F6AA87 /* Assets.xcassets */,
				98949CCE1BD5CCEB00F6AA87 /* LaunchScreen.storyboard */,
				98949CD01BD5CCEB00F6AA87 /* Main.storyboard */,
				98949CD31BD5CCEB00F6AA87 /* main.m */,
			);
			path = Config;
			sourceTree = "<group>";
		};
		98949CDA1BD5CD1200F6AA87 /* ViewModel */ = {
			isa = PBXGroup;
			children = (
				98949CDF1BD5E08A00F6AA87 /* PMDBManager.h */,
				98949CE01BD5E08A00F6AA87 /* PMDBManager.m */,
				98949CE41BD6474A00F6AA87 /* PMAPIManager.h */,
				98949CE51BD6474A00F6AA87 /* PMAPIManager.mm */,
				989396D51BD8D5E00063321B /* PMBookViewModel.h */,
				989396D61BD8D5E00063321B /* PMBookViewModel.m */,
			);
			path = ViewModel;
			sourceTree = "<group>";
		};
		98949CDE1BD5CD2100F6AA87 /* Model */ = {
			isa = PBXGroup;
			children = (
				988ADCC31BD77F7200CE9212 /* PMIssueModel.h */,
				988ADCC41BD77F7200CE9212 /* PMIssueModel.m */,
			);
			path = Model;
			sourceTree = "<group>";
		};
/* End PBXGroup section */

/* Begin PBXNativeTarget section */
		985D4C071BD4F11C00B50D81 /* programmermag */ = {
			isa = PBXNativeTarget;
			buildConfigurationList = 985D4C1F1BD4F11C00B50D81 /* Build configuration list for PBXNativeTarget "programmermag" */;
			buildPhases = (
				062DEE4C4AC04E4A93EC712C /* Check Pods Manifest.lock */,
				985D4C041BD4F11C00B50D81 /* Sources */,
				985D4C051BD4F11C00B50D81 /* Frameworks */,
				985D4C061BD4F11C00B50D81 /* Resources */,
				E8BB5CB50C0B8CDD7457BFE7 /* Copy Pods Resources */,
			);
			buildRules = (
			);
			dependencies = (
			);
			name = programmermag;
			productName = programmermag;
			productReference = 985D4C081BD4F11C00B50D81 /* programmermag.app */;
			productType = "com.apple.product-type.application";
		};
/* End PBXNativeTarget section */

/* Begin PBXProject section */
		985D4C001BD4F11C00B50D81 /* Project object */ = {
			isa = PBXProject;
			attributes = {
				LastUpgradeCheck = 0700;
				ORGANIZATIONNAME = csdn;
				TargetAttributes = {
					985D4C071BD4F11C00B50D81 = {
						CreatedOnToolsVersion = 7.0;
						DevelopmentTeam = REG92Q3Q5S;
					};
				};
			};
			buildConfigurationList = 985D4C031BD4F11C00B50D81 /* Build configuration list for PBXProject "programmermag" */;
			compatibilityVersion = "Xcode 3.2";
			developmentRegion = English;
			hasScannedForEncodings = 0;
			knownRegions = (
				en,
				Base,
				"zh-Hant",
			);
			mainGroup = 985D4BFF1BD4F11C00B50D81;
			productRefGroup = 985D4C091BD4F11C00B50D81 /* Products */;
			projectDirPath = "";
			projectRoot = "";
			targets = (
				985D4C071BD4F11C00B50D81 /* programmermag */,
			);
		};
/* End PBXProject section */

/* Begin PBXResourcesBuildPhase section */
		985D4C061BD4F11C00B50D81 /* Resources */ = {
			isa = PBXResourcesBuildPhase;
			buildActionMask = 2147483647;
			files = (
				98949CE31BD5E11100F6AA87 /* Info.plist in Resources */,
				98949CD51BD5CCEB00F6AA87 /* Assets.xcassets in Resources */,
				98949CD71BD5CCEB00F6AA87 /* Main.storyboard in Resources */,
				98949CD61BD5CCEB00F6AA87 /* LaunchScreen.storyboard in Resources */,
				989396E21BDA06720063321B /* InfoPlist.strings in Resources */,
			);
			runOnlyForDeploymentPostprocessing = 0;
		};
/* End PBXResourcesBuildPhase section */

/* Begin PBXShellScriptBuildPhase section */
		062DEE4C4AC04E4A93EC712C /* Check Pods Manifest.lock */ = {
			isa = PBXShellScriptBuildPhase;
			buildActionMask = 2147483647;
			files = (
			);
			inputPaths = (
			);
			name = "Check Pods Manifest.lock";
			outputPaths = (
			);
			runOnlyForDeploymentPostprocessing = 0;
			shellPath = /bin/sh;
			shellScript = "diff \"${PODS_ROOT}/../Podfile.lock\" \"${PODS_ROOT}/Manifest.lock\" > /dev/null\nif [[ $? != 0 ]] ; then\n    cat << EOM\nerror: The sandbox is not in sync with the Podfile.lock. Run 'pod install' or update your CocoaPods installation.\nEOM\n    exit 1\nfi\n";
			showEnvVarsInLog = 0;
		};
		E8BB5CB50C0B8CDD7457BFE7 /* Copy Pods Resources */ = {
			isa = PBXShellScriptBuildPhase;
			buildActionMask = 2147483647;
			files = (
			);
			inputPaths = (
			);
			name = "Copy Pods Resources";
			outputPaths = (
			);
			runOnlyForDeploymentPostprocessing = 0;
			shellPath = /bin/sh;
			shellScript = "\"${SRCROOT}/Pods/Target Support Files/Pods/Pods-resources.sh\"\n";
			showEnvVarsInLog = 0;
		};
/* End PBXShellScriptBuildPhase section */

/* Begin PBXSourcesBuildPhase section */
		985D4C041BD4F11C00B50D81 /* Sources */ = {
			isa = PBXSourcesBuildPhase;
			buildActionMask = 2147483647;
			files = (
				989396DF1BDA00DA0063321B /* UIViewController+MBProgressHUD.m in Sources */,
				989396D31BD8C7280063321B /* PMBookCollectionViewCell.m in Sources */,
				988ADCC51BD77F7200CE9212 /* PMIssueModel.m in Sources */,
				989396D71BD8D5E00063321B /* PMBookViewModel.m in Sources */,
				989396D01BD88DD00063321B /* PMHomeBaseViewController.m in Sources */,
				988ADCA41BD734FA00CE9212 /* tinyxml2.cpp in Sources */,
				98DAEBF71BD874CA00359D2D /* PMBookDetailViewController.m in Sources */,
				98DAEBEE1BD871E400359D2D /* PMBookStoreViewController.m in Sources */,
				98D4EF691BE368A000216966 /* PMImageCollectionFlowLayout.m in Sources */,
				98949CD91BD5CCEB00F6AA87 /* main.m in Sources */,
				98DAEBF41BD874A500359D2D /* PMBookInfoViewController.m in Sources */,
				989396DB1BD936140063321B /* RFQuiltLayout.m in Sources */,
				98949CD41BD5CCEB00F6AA87 /* PMAppDelegate.m in Sources */,
				98949CE11BD5E08A00F6AA87 /* PMDBManager.m in Sources */,
				98949CC91BD5CCCD00F6AA87 /* ViewController.m in Sources */,
				98DAEBF11BD8720E00359D2D /* PMMyBookViewController.m in Sources */,
				98949CE61BD6474A00F6AA87 /* PMAPIManager.mm in Sources */,
			);
			runOnlyForDeploymentPostprocessing = 0;
		};
/* End PBXSourcesBuildPhase section */

/* Begin PBXVariantGroup section */
		989396E41BDA06720063321B /* InfoPlist.strings */ = {
			isa = PBXVariantGroup;
			children = (
				989396E31BDA06720063321B /* en */,
				989396E51BDA071C0063321B /* zh-Hant */,
			);
			name = InfoPlist.strings;
			sourceTree = "<group>";
		};
		98949CCE1BD5CCEB00F6AA87 /* LaunchScreen.storyboard */ = {
			isa = PBXVariantGroup;
			children = (
				98949CCF1BD5CCEB00F6AA87 /* Base */,
			);
			name = LaunchScreen.storyboard;
			sourceTree = "<group>";
		};
		98949CD01BD5CCEB00F6AA87 /* Main.storyboard */ = {
			isa = PBXVariantGroup;
			children = (
				98949CD11BD5CCEB00F6AA87 /* Base */,
			);
			name = Main.storyboard;
			sourceTree = "<group>";
		};
/* End PBXVariantGroup section */

/* Begin XCBuildConfiguration section */
		985D4C1D1BD4F11C00B50D81 /* Debug */ = {
			isa = XCBuildConfiguration;
			buildSettings = {
				ALWAYS_SEARCH_USER_PATHS = NO;
				CLANG_CXX_LANGUAGE_STANDARD = "gnu++0x";
				CLANG_CXX_LIBRARY = "libc++";
				CLANG_ENABLE_MODULES = YES;
				CLANG_ENABLE_OBJC_ARC = YES;
				CLANG_WARN_BOOL_CONVERSION = YES;
				CLANG_WARN_CONSTANT_CONVERSION = YES;
				CLANG_WARN_DIRECT_OBJC_ISA_USAGE = YES_ERROR;
				CLANG_WARN_EMPTY_BODY = YES;
				CLANG_WARN_ENUM_CONVERSION = YES;
				CLANG_WARN_INT_CONVERSION = YES;
				CLANG_WARN_OBJC_ROOT_CLASS = YES_ERROR;
				CLANG_WARN_UNREACHABLE_CODE = YES;
				CLANG_WARN__DUPLICATE_METHOD_MATCH = YES;
				"CODE_SIGN_IDENTITY[sdk=iphoneos*]" = "iPhone Developer";
				COPY_PHASE_STRIP = NO;
				DEBUG_INFORMATION_FORMAT = dwarf;
				ENABLE_STRICT_OBJC_MSGSEND = YES;
				ENABLE_TESTABILITY = YES;
				GCC_C_LANGUAGE_STANDARD = gnu99;
				GCC_DYNAMIC_NO_PIC = NO;
				GCC_NO_COMMON_BLOCKS = YES;
				GCC_OPTIMIZATION_LEVEL = 0;
				GCC_PREPROCESSOR_DEFINITIONS = (
					"DEBUG=1",
					"$(inherited)",
				);
				GCC_WARN_64_TO_32_BIT_CONVERSION = YES;
				GCC_WARN_ABOUT_RETURN_TYPE = YES_ERROR;
				GCC_WARN_UNDECLARED_SELECTOR = YES;
				GCC_WARN_UNINITIALIZED_AUTOS = YES_AGGRESSIVE;
				GCC_WARN_UNUSED_FUNCTION = YES;
				GCC_WARN_UNUSED_VARIABLE = YES;
				IPHONEOS_DEPLOYMENT_TARGET = 9.0;
				MTL_ENABLE_DEBUG_INFO = YES;
				ONLY_ACTIVE_ARCH = YES;
				SDKROOT = iphoneos;
			};
			name = Debug;
		};
		985D4C1E1BD4F11C00B50D81 /* Release */ = {
			isa = XCBuildConfiguration;
			buildSettings = {
				ALWAYS_SEARCH_USER_PATHS = NO;
				CLANG_CXX_LANGUAGE_STANDARD = "gnu++0x";
				CLANG_CXX_LIBRARY = "libc++";
				CLANG_ENABLE_MODULES = YES;
				CLANG_ENABLE_OBJC_ARC = YES;
				CLANG_WARN_BOOL_CONVERSION = YES;
				CLANG_WARN_CONSTANT_CONVERSION = YES;
				CLANG_WARN_DIRECT_OBJC_ISA_USAGE = YES_ERROR;
				CLANG_WARN_EMPTY_BODY = YES;
				CLANG_WARN_ENUM_CONVERSION = YES;
				CLANG_WARN_INT_CONVERSION = YES;
				CLANG_WARN_OBJC_ROOT_CLASS = YES_ERROR;
				CLANG_WARN_UNREACHABLE_CODE = YES;
				CLANG_WARN__DUPLICATE_METHOD_MATCH = YES;
				"CODE_SIGN_IDENTITY[sdk=iphoneos*]" = "iPhone Developer";
				COPY_PHASE_STRIP = NO;
				DEBUG_INFORMATION_FORMAT = "dwarf-with-dsym";
				ENABLE_NS_ASSERTIONS = NO;
				ENABLE_STRICT_OBJC_MSGSEND = YES;
				GCC_C_LANGUAGE_STANDARD = gnu99;
				GCC_NO_COMMON_BLOCKS = YES;
				GCC_WARN_64_TO_32_BIT_CONVERSION = YES;
				GCC_WARN_ABOUT_RETURN_TYPE = YES_ERROR;
				GCC_WARN_UNDECLARED_SELECTOR = YES;
				GCC_WARN_UNINITIALIZED_AUTOS = YES_AGGRESSIVE;
				GCC_WARN_UNUSED_FUNCTION = YES;
				GCC_WARN_UNUSED_VARIABLE = YES;
				IPHONEOS_DEPLOYMENT_TARGET = 9.0;
				MTL_ENABLE_DEBUG_INFO = NO;
				SDKROOT = iphoneos;
				VALIDATE_PRODUCT = YES;
			};
			name = Release;
		};
		985D4C201BD4F11C00B50D81 /* Debug */ = {
			isa = XCBuildConfiguration;
			baseConfigurationReference = 0B9B08EAEB0D25892467DB7F /* Pods.debug.xcconfig */;
			buildSettings = {
				ASSETCATALOG_COMPILER_APPICON_NAME = AppIcon;
				CODE_SIGN_IDENTITY = "iPhone Developer";
				GCC_PRECOMPILE_PREFIX_HEADER = YES;
				GCC_PREFIX_HEADER = "$(SRCROOT)/programmermag/Config/PrefixHeader.pch";
				INFOPLIST_FILE = "$(SRCROOT)/programmermag/Config/Info.plist";
				IPHONEOS_DEPLOYMENT_TARGET = 7.0;
				LD_RUNPATH_SEARCH_PATHS = "$(inherited) @executable_path/Frameworks";
				PRODUCT_BUNDLE_IDENTIFIER = net.csdn.programmermag;
				PRODUCT_NAME = "$(TARGET_NAME)";
				PROVISIONING_PROFILE = "b77d7a99-8a16-4672-b307-b70364797187";
				TARGETED_DEVICE_FAMILY = "1,2";
			};
			name = Debug;
		};
		985D4C211BD4F11C00B50D81 /* Release */ = {
			isa = XCBuildConfiguration;
			baseConfigurationReference = EAC41D9C9E200CE53B0788D3 /* Pods.release.xcconfig */;
			buildSettings = {
				ASSETCATALOG_COMPILER_APPICON_NAME = AppIcon;
				CODE_SIGN_IDENTITY = "iPhone Developer";
				GCC_PRECOMPILE_PREFIX_HEADER = YES;
				GCC_PREFIX_HEADER = "$(SRCROOT)/programmermag/Config/PrefixHeader.pch";
				INFOPLIST_FILE = "$(SRCROOT)/programmermag/Config/Info.plist";
				IPHONEOS_DEPLOYMENT_TARGET = 7.0;
				LD_RUNPATH_SEARCH_PATHS = "$(inherited) @executable_path/Frameworks";
				PRODUCT_BUNDLE_IDENTIFIER = net.csdn.programmermag;
				PRODUCT_NAME = "$(TARGET_NAME)";
				PROVISIONING_PROFILE = "b77d7a99-8a16-4672-b307-b70364797187";
				TARGETED_DEVICE_FAMILY = "1,2";
			};
			name = Release;
		};
/* End XCBuildConfiguration section */

/* Begin XCConfigurationList section */
		985D4C031BD4F11C00B50D81 /* Build configuration list for PBXProject "programmermag" */ = {
			isa = XCConfigurationList;
			buildConfigurations = (
				985D4C1D1BD4F11C00B50D81 /* Debug */,
				985D4C1E1BD4F11C00B50D81 /* Release */,
			);
			defaultConfigurationIsVisible = 0;
			defaultConfigurationName = Release;
		};
		985D4C1F1BD4F11C00B50D81 /* Build configuration list for PBXNativeTarget "programmermag" */ = {
			isa = XCConfigurationList;
			buildConfigurations = (
				985D4C201BD4F11C00B50D81 /* Debug */,
				985D4C211BD4F11C00B50D81 /* Release */,
			);
			defaultConfigurationIsVisible = 0;
			defaultConfigurationName = Release;
		};
/* End XCConfigurationList section */
	};
	rootObject = 985D4C001BD4F11C00B50D81 /* Project object */;
}
